
Microsoft Visual Studio Solution File, Format Version 12.00
# Visual Studio 14
VisualStudioVersion = 14.0.25420.1
MinimumVisualStudioVersion = 10.0.40219.1
Project("{FAE04EC0-301F-11D3-BF4B-00C04F79EFBC}") = "CalculateIt2.Engine", "src\CalculateIt2.Engine\CalculateIt2.Engine.csproj", "{B3F3898B-7C5C-4CAE-8A68-1C69E23A9C3C}"
EndProject
Project("{FAE04EC0-301F-11D3-BF4B-00C04F79EFBC}") = "CalculateIt.Tests", "src\CalculateIt.Tests\CalculateIt.Tests.csproj", "{E0E5CF67-A97E-44A7-8779-D06EB68EB4A8}"
EndProject
Project("{FAE04EC0-301F-11D3-BF4B-00C04F79EFBC}") = "CalculateIt2.MainApp", "src\CalculateIt2.MainApp\CalculateIt2.MainApp.csproj", "{AC0234B3-C086-4E2C-A212-74F8204A0BC4}"
EndProject
Project("{FAE04EC0-301F-11D3-BF4B-00C04F79EFBC}") = "CalculateIt2.ExamGenerator", "src\CalculateIt2.ExamGenerator\CalculateIt2.ExamGenerator.csproj", "{24B5EE38-B0EB-4215-BA47-E4F407B2886D}"
EndProject
Global
	GlobalSection(SolutionConfigurationPlatforms) = preSolution
		Debug|Any CPU = Debug|Any CPU
		Release|Any CPU = Release|Any CPU
	EndGlobalSection
	GlobalSection(ProjectConfigurationPlatforms) = postSolution
		{B3F3898B-7C5C-4CAE-8A68-1C69E23A9C3C}.Debug|Any CPU.ActiveCfg = Debug|Any CPU
		{B3F3898B-7C5C-4CAE-8A68-1C69E23A9C3C}.Debug|Any CPU.Build.0 = Debug|Any CPU
		{B3F3898B-7C5C-4CAE-8A68-1C69E23A9C3C}.Release|Any CPU.ActiveCfg = Release|Any CPU
		{B3F3898B-7C5C-4CAE-8A68-1C69E23A9C3C}.Release|Any CPU.Build.0 = Release|Any CPU
		{E0E5CF67-A97E-44A7-8779-D06EB68EB4A8}.Debug|Any CPU.ActiveCfg = Debug|Any CPU
		{E0E5CF67-A97E-44A7-8779-D06EB68EB4A8}.Debug|Any CPU.Build.0 = Debug|Any CPU
		{E0E5CF67-A97E-44A7-8779-D06EB68EB4A8}.Release|Any CPU.ActiveCfg = Release|Any CPU
		{E0E5CF67-A97E-44A7-8779-D06EB68EB4A8}.Release|Any CPU.Build.0 = Release|Any CPU
		{AC0234B3-C086-4E2C-A212-74F8204A0BC4}.Debug|Any CPU.ActiveCfg = Debug|Any CPU
		{AC0234B3-C086-4E2C-A212-74F8204A0BC4}.Debug|Any CPU.Build.0 = Debug|Any CPU
		{AC0234B3-C086-4E2C-A212-74F8204A0BC4}.Release|Any CPU.ActiveCfg = Release|Any CPU
		{AC0234B3-C086-4E2C-A212-74F8204A0BC4}.Release|Any CPU.Build.0 = Release|Any CPU
		{24B5EE38-B0EB-4215-BA47-E4F407B2886D}.Debug|Any CPU.ActiveCfg = Debug|Any CPU
		{24B5EE38-B0EB-4215-BA47-E4F407B2886D}.Debug|Any CPU.Build.0 = Debug|Any CPU
		{24B5EE38-B0EB-4215-BA47-E4F407B2886D}.Release|Any CPU.ActiveCfg = Release|Any CPU
		{24B5EE38-B0EB-4215-BA47-E4F407B2886D}.Release|Any CPU.Build.0 = Release|Any CPU
	EndGlobalSection
	GlobalSection(SolutionProperties) = preSolution
		HideSolutionNode = FALSE
	EndGlobalSection
EndGlobal
